
Microsoft Visual Studio Solution File, Format Version 12.00
# Visual Studio Version 17
VisualStudioVersion = 17.0.31919.166
MinimumVisualStudioVersion = 10.0.40219.1
Project("{FAE04EC0-301F-11D3-BF4B-00C04F79EFBC}") = "HelloWorld", "HelloWorld\HelloWorld.csproj", "{50438EAC-A673-412C-8559-D7E0E764DB6D}"
EndProject
Global
	GlobalSection(SolutionConfigurationPlatforms) = preSolution
		Debug|Any CPU = Debug|Any CPU
		Release|Any CPU = Release|Any CPU
	EndGlobalSection
	GlobalSection(ProjectConfigurationPlatforms) = postSolution
		{50438EAC-A673-412C-8559-D7E0E764DB6D}.Debug|Any CPU.ActiveCfg = Debug|Any CPU
		{50438EAC-A673-412C-8559-D7E0E764DB6D}.Debug|Any CPU.Build.0 = Debug|Any CPU
		{50438EAC-A673-412C-8559-D7E0E764DB6D}.Release|Any CPU.ActiveCfg = Release|Any CPU
		{50438EAC-A673-412C-8559-D7E0E764DB6D}.Release|Any CPU.Build.0 = Release|Any CPU
	EndGlobalSection
	GlobalSection(SolutionProperties) = preSolution
		HideSolutionNode = FALSE
	EndGlobalSection
	GlobalSection(ExtensibilityGlobals) = postSolution
		SolutionGuid = {BC75E952-C50D-4554-8FE2-E56A79CB0473}
	EndGlobalSection
EndGlobal
